// !$*UTF8*$!
{
	archiveVersion = 1;
	classes = {
	};
	objectVersion = 52;
	objects = {

/* Begin PBXBuildFile section */
		106B1C2B2372BCA8008684EB /* ListenerConnectionViewController.swift in Sources */ = {isa = PBXBuildFile; fileRef = 106B1C2A2372BCA8008684EB /* ListenerConnectionViewController.swift */; };
		106B1C2D2372BE1F008684EB /* ListenerConnectableDJsTableViewCell.swift in Sources */ = {isa = PBXBuildFile; fileRef = 106B1C2C2372BE1F008684EB /* ListenerConnectableDJsTableViewCell.swift */; };
		106B1C2F2372C696008684EB /* ConnectionController.swift in Sources */ = {isa = PBXBuildFile; fileRef = 106B1C2E2372C696008684EB /* ConnectionController.swift */; };
		106B1C312372C83F008684EB /* ConnectionControllerDelegate.swift in Sources */ = {isa = PBXBuildFile; fileRef = 106B1C302372C83F008684EB /* ConnectionControllerDelegate.swift */; };
		411F288B23616EEB00BA96C1 /* PlayerQueue.swift in Sources */ = {isa = PBXBuildFile; fileRef = 411F288A23616EEB00BA96C1 /* PlayerQueue.swift */; };
		B10A9E122373F46E00209871 /* MCSession+sendRequest.swift in Sources */ = {isa = PBXBuildFile; fileRef = B10A9E112373F46E00209871 /* MCSession+sendRequest.swift */; };
		B125D88D235F426C00D383E7 /* Artwork.swift in Sources */ = {isa = PBXBuildFile; fileRef = B125D88C235F426C00D383E7 /* Artwork.swift */; };
		C40DC880236570DD00E80AB1 /* WelcomeViewController.swift in Sources */ = {isa = PBXBuildFile; fileRef = C40DC87F236570DD00E80AB1 /* WelcomeViewController.swift */; };
		C436A8562350B16B009F6498 /* Song.swift in Sources */ = {isa = PBXBuildFile; fileRef = C436A8552350B16B009F6498 /* Song.swift */; };
		C436A8582350D36F009F6498 /* SearchMusicTableViewCell.swift in Sources */ = {isa = PBXBuildFile; fileRef = C436A8572350D36F009F6498 /* SearchMusicTableViewCell.swift */; };
		C447ACA6234882F900D535EB /* AppDelegate.swift in Sources */ = {isa = PBXBuildFile; fileRef = C447ACA5234882F900D535EB /* AppDelegate.swift */; };
		C447ACA8234882F900D535EB /* SceneDelegate.swift in Sources */ = {isa = PBXBuildFile; fileRef = C447ACA7234882F900D535EB /* SceneDelegate.swift */; };
		C447ACAA234882F900D535EB /* RequestsViewController.swift in Sources */ = {isa = PBXBuildFile; fileRef = C447ACA9234882F900D535EB /* RequestsViewController.swift */; };
		C447ACAF234882F900D535EB /* Main.storyboard in Resources */ = {isa = PBXBuildFile; fileRef = C447ACAD234882F900D535EB /* Main.storyboard */; };
		C447ACB1234882FB00D535EB /* Assets.xcassets in Resources */ = {isa = PBXBuildFile; fileRef = C447ACB0234882FB00D535EB /* Assets.xcassets */; };
		C447ACB4234882FB00D535EB /* LaunchScreen.storyboard in Resources */ = {isa = PBXBuildFile; fileRef = C447ACB2234882FB00D535EB /* LaunchScreen.storyboard */; };
		C447ACBF234882FB00D535EB /* DJYusakuTests.swift in Sources */ = {isa = PBXBuildFile; fileRef = C447ACBE234882FB00D535EB /* DJYusakuTests.swift */; };
		C447ACCA234882FB00D535EB /* DJYusakuUITests.swift in Sources */ = {isa = PBXBuildFile; fileRef = C447ACC9234882FB00D535EB /* DJYusakuUITests.swift */; };
		C46CE2082383EBC000492AC3 /* BatterySaverViewController.swift in Sources */ = {isa = PBXBuildFile; fileRef = C46CE2072383EBC000492AC3 /* BatterySaverViewController.swift */; };
		C4A3C95A2357E908005304AA /* SwiftyJSON in Frameworks */ = {isa = PBXBuildFile; productRef = C4A3C9592357E908005304AA /* SwiftyJSON */; };
		C4CF9725235163EF00C8A102 /* SearchViewController.swift in Sources */ = {isa = PBXBuildFile; fileRef = C4CF9724235163EF00C8A102 /* SearchViewController.swift */; };
		C4D25958235205D10066FCE0 /* Secrets.swift in Sources */ = {isa = PBXBuildFile; fileRef = C4D25957235205D10066FCE0 /* Secrets.swift */; };
		C4D2595A235205EC0066FCE0 /* Secrets+Local.swift in Sources */ = {isa = PBXBuildFile; fileRef = C4D25959235205EC0066FCE0 /* Secrets+Local.swift */; };
		C4FDD0CC2356EA8F007569B1 /* RequestsMusicTableViewCell.swift in Sources */ = {isa = PBXBuildFile; fileRef = C4FDD0CB2356EA8F007569B1 /* RequestsMusicTableViewCell.swift */; };
/* End PBXBuildFile section */

/* Begin PBXContainerItemProxy section */
		C447ACBB234882FB00D535EB /* PBXContainerItemProxy */ = {
			isa = PBXContainerItemProxy;
			containerPortal = C447AC9A234882F900D535EB /* Project object */;
			proxyType = 1;
			remoteGlobalIDString = C447ACA1234882F900D535EB;
			remoteInfo = DJYusaku;
		};
		C447ACC6234882FB00D535EB /* PBXContainerItemProxy */ = {
			isa = PBXContainerItemProxy;
			containerPortal = C447AC9A234882F900D535EB /* Project object */;
			proxyType = 1;
			remoteGlobalIDString = C447ACA1234882F900D535EB;
			remoteInfo = DJYusaku;
		};
/* End PBXContainerItemProxy section */

/* Begin PBXFileReference section */
		106B1C2A2372BCA8008684EB /* ListenerConnectionViewController.swift */ = {isa = PBXFileReference; lastKnownFileType = sourcecode.swift; path = ListenerConnectionViewController.swift; sourceTree = "<group>"; };
		106B1C2C2372BE1F008684EB /* ListenerConnectableDJsTableViewCell.swift */ = {isa = PBXFileReference; lastKnownFileType = sourcecode.swift; path = ListenerConnectableDJsTableViewCell.swift; sourceTree = "<group>"; };
		106B1C2E2372C696008684EB /* ConnectionController.swift */ = {isa = PBXFileReference; lastKnownFileType = sourcecode.swift; path = ConnectionController.swift; sourceTree = "<group>"; };
		106B1C302372C83F008684EB /* ConnectionControllerDelegate.swift */ = {isa = PBXFileReference; lastKnownFileType = sourcecode.swift; path = ConnectionControllerDelegate.swift; sourceTree = "<group>"; };
		411F288A23616EEB00BA96C1 /* PlayerQueue.swift */ = {isa = PBXFileReference; lastKnownFileType = sourcecode.swift; path = PlayerQueue.swift; sourceTree = "<group>"; };
		B10A9E112373F46E00209871 /* MCSession+sendRequest.swift */ = {isa = PBXFileReference; lastKnownFileType = sourcecode.swift; path = "MCSession+sendRequest.swift"; sourceTree = "<group>"; };
		B125D88C235F426C00D383E7 /* Artwork.swift */ = {isa = PBXFileReference; lastKnownFileType = sourcecode.swift; path = Artwork.swift; sourceTree = "<group>"; };
		C40DC87F236570DD00E80AB1 /* WelcomeViewController.swift */ = {isa = PBXFileReference; lastKnownFileType = sourcecode.swift; path = WelcomeViewController.swift; sourceTree = "<group>"; };
		C436A8552350B16B009F6498 /* Song.swift */ = {isa = PBXFileReference; lastKnownFileType = sourcecode.swift; path = Song.swift; sourceTree = "<group>"; };
		C436A8572350D36F009F6498 /* SearchMusicTableViewCell.swift */ = {isa = PBXFileReference; lastKnownFileType = sourcecode.swift; path = SearchMusicTableViewCell.swift; sourceTree = "<group>"; };
		C447ACA2234882F900D535EB /* DJYusaku.app */ = {isa = PBXFileReference; explicitFileType = wrapper.application; includeInIndex = 0; path = DJYusaku.app; sourceTree = BUILT_PRODUCTS_DIR; };
		C447ACA5234882F900D535EB /* AppDelegate.swift */ = {isa = PBXFileReference; lastKnownFileType = sourcecode.swift; path = AppDelegate.swift; sourceTree = "<group>"; };
		C447ACA7234882F900D535EB /* SceneDelegate.swift */ = {isa = PBXFileReference; lastKnownFileType = sourcecode.swift; path = SceneDelegate.swift; sourceTree = "<group>"; };
		C447ACA9234882F900D535EB /* RequestsViewController.swift */ = {isa = PBXFileReference; lastKnownFileType = sourcecode.swift; path = RequestsViewController.swift; sourceTree = "<group>"; };
		C447ACAE234882F900D535EB /* Base */ = {isa = PBXFileReference; lastKnownFileType = file.storyboard; name = Base; path = Base.lproj/Main.storyboard; sourceTree = "<group>"; };
		C447ACB0234882FB00D535EB /* Assets.xcassets */ = {isa = PBXFileReference; lastKnownFileType = folder.assetcatalog; path = Assets.xcassets; sourceTree = "<group>"; };
		C447ACB3234882FB00D535EB /* Base */ = {isa = PBXFileReference; lastKnownFileType = file.storyboard; name = Base; path = Base.lproj/LaunchScreen.storyboard; sourceTree = "<group>"; };
		C447ACB5234882FB00D535EB /* Info.plist */ = {isa = PBXFileReference; lastKnownFileType = text.plist.xml; path = Info.plist; sourceTree = "<group>"; };
		C447ACBA234882FB00D535EB /* DJYusakuTests.xctest */ = {isa = PBXFileReference; explicitFileType = wrapper.cfbundle; includeInIndex = 0; path = DJYusakuTests.xctest; sourceTree = BUILT_PRODUCTS_DIR; };
		C447ACBE234882FB00D535EB /* DJYusakuTests.swift */ = {isa = PBXFileReference; lastKnownFileType = sourcecode.swift; path = DJYusakuTests.swift; sourceTree = "<group>"; };
		C447ACC0234882FB00D535EB /* Info.plist */ = {isa = PBXFileReference; lastKnownFileType = text.plist.xml; path = Info.plist; sourceTree = "<group>"; };
		C447ACC5234882FB00D535EB /* DJYusakuUITests.xctest */ = {isa = PBXFileReference; explicitFileType = wrapper.cfbundle; includeInIndex = 0; path = DJYusakuUITests.xctest; sourceTree = BUILT_PRODUCTS_DIR; };
		C447ACC9234882FB00D535EB /* DJYusakuUITests.swift */ = {isa = PBXFileReference; lastKnownFileType = sourcecode.swift; path = DJYusakuUITests.swift; sourceTree = "<group>"; };
		C447ACCB234882FB00D535EB /* Info.plist */ = {isa = PBXFileReference; lastKnownFileType = text.plist.xml; path = Info.plist; sourceTree = "<group>"; };
		C46CE2072383EBC000492AC3 /* BatterySaverViewController.swift */ = {isa = PBXFileReference; lastKnownFileType = sourcecode.swift; path = BatterySaverViewController.swift; sourceTree = "<group>"; };
		C4CF9724235163EF00C8A102 /* SearchViewController.swift */ = {isa = PBXFileReference; fileEncoding = 4; lastKnownFileType = sourcecode.swift; path = SearchViewController.swift; sourceTree = "<group>"; };
		C4D25957235205D10066FCE0 /* Secrets.swift */ = {isa = PBXFileReference; lastKnownFileType = sourcecode.swift; path = Secrets.swift; sourceTree = "<group>"; };
		C4D25959235205EC0066FCE0 /* Secrets+Local.swift */ = {isa = PBXFileReference; lastKnownFileType = sourcecode.swift; path = "Secrets+Local.swift"; sourceTree = "<group>"; };
		C4FDD0CB2356EA8F007569B1 /* RequestsMusicTableViewCell.swift */ = {isa = PBXFileReference; lastKnownFileType = sourcecode.swift; path = RequestsMusicTableViewCell.swift; sourceTree = "<group>"; };
/* End PBXFileReference section */

/* Begin PBXFrameworksBuildPhase section */
		C447AC9F234882F900D535EB /* Frameworks */ = {
			isa = PBXFrameworksBuildPhase;
			buildActionMask = 2147483647;
			files = (
				C4A3C95A2357E908005304AA /* SwiftyJSON in Frameworks */,
			);
			runOnlyForDeploymentPostprocessing = 0;
		};
		C447ACB7234882FB00D535EB /* Frameworks */ = {
			isa = PBXFrameworksBuildPhase;
			buildActionMask = 2147483647;
			files = (
			);
			runOnlyForDeploymentPostprocessing = 0;
		};
		C447ACC2234882FB00D535EB /* Frameworks */ = {
			isa = PBXFrameworksBuildPhase;
			buildActionMask = 2147483647;
			files = (
			);
			runOnlyForDeploymentPostprocessing = 0;
		};
/* End PBXFrameworksBuildPhase section */

/* Begin PBXGroup section */
		C447AC99234882F900D535EB = {
			isa = PBXGroup;
			children = (
				C447ACA4234882F900D535EB /* DJYusaku */,
				C447ACBD234882FB00D535EB /* DJYusakuTests */,
				C447ACC8234882FB00D535EB /* DJYusakuUITests */,
				C447ACA3234882F900D535EB /* Products */,
			);
			sourceTree = "<group>";
		};
		C447ACA3234882F900D535EB /* Products */ = {
			isa = PBXGroup;
			children = (
				C447ACA2234882F900D535EB /* DJYusaku.app */,
				C447ACBA234882FB00D535EB /* DJYusakuTests.xctest */,
				C447ACC5234882FB00D535EB /* DJYusakuUITests.xctest */,
			);
			name = Products;
			sourceTree = "<group>";
		};
		C447ACA4234882F900D535EB /* DJYusaku */ = {
			isa = PBXGroup;
			children = (
				C447ACB5234882FB00D535EB /* Info.plist */,
				C447ACA5234882F900D535EB /* AppDelegate.swift */,
				B125D88C235F426C00D383E7 /* Artwork.swift */,
				C46CE2072383EBC000492AC3 /* BatterySaverViewController.swift */,
				106B1C2E2372C696008684EB /* ConnectionController.swift */,
				106B1C302372C83F008684EB /* ConnectionControllerDelegate.swift */,
				106B1C2C2372BE1F008684EB /* ListenerConnectableDJsTableViewCell.swift */,
				106B1C2A2372BCA8008684EB /* ListenerConnectionViewController.swift */,
				B10A9E112373F46E00209871 /* MCSession+sendRequest.swift */,
				411F288A23616EEB00BA96C1 /* PlayerQueue.swift */,
				C4FDD0CB2356EA8F007569B1 /* RequestsMusicTableViewCell.swift */,
				C447ACA9234882F900D535EB /* RequestsViewController.swift */,
				C447ACA7234882F900D535EB /* SceneDelegate.swift */,
				C436A8572350D36F009F6498 /* SearchMusicTableViewCell.swift */,
				C4CF9724235163EF00C8A102 /* SearchViewController.swift */,
				C4D25957235205D10066FCE0 /* Secrets.swift */,
				C4D25959235205EC0066FCE0 /* Secrets+Local.swift */,
				C436A8552350B16B009F6498 /* Song.swift */,
				C40DC87F236570DD00E80AB1 /* WelcomeViewController.swift */,
				C447ACB0234882FB00D535EB /* Assets.xcassets */,
				C447ACB2234882FB00D535EB /* LaunchScreen.storyboard */,
				C447ACAD234882F900D535EB /* Main.storyboard */,
			);
			path = DJYusaku;
			sourceTree = "<group>";
		};
		C447ACBD234882FB00D535EB /* DJYusakuTests */ = {
			isa = PBXGroup;
			children = (
				C447ACBE234882FB00D535EB /* DJYusakuTests.swift */,
				C447ACC0234882FB00D535EB /* Info.plist */,
			);
			path = DJYusakuTests;
			sourceTree = "<group>";
		};
		C447ACC8234882FB00D535EB /* DJYusakuUITests */ = {
			isa = PBXGroup;
			children = (
				C447ACC9234882FB00D535EB /* DJYusakuUITests.swift */,
				C447ACCB234882FB00D535EB /* Info.plist */,
			);
			path = DJYusakuUITests;
			sourceTree = "<group>";
		};
/* End PBXGroup section */

/* Begin PBXNativeTarget section */
		C447ACA1234882F900D535EB /* DJYusaku */ = {
			isa = PBXNativeTarget;
			buildConfigurationList = C447ACCE234882FB00D535EB /* Build configuration list for PBXNativeTarget "DJYusaku" */;
			buildPhases = (
				C447AC9E234882F900D535EB /* Sources */,
				C447AC9F234882F900D535EB /* Frameworks */,
				C447ACA0234882F900D535EB /* Resources */,
			);
			buildRules = (
			);
			dependencies = (
			);
			name = DJYusaku;
			packageProductDependencies = (
				C4A3C9592357E908005304AA /* SwiftyJSON */,
			);
			productName = DJYusaku;
			productReference = C447ACA2234882F900D535EB /* DJYusaku.app */;
			productType = "com.apple.product-type.application";
		};
		C447ACB9234882FB00D535EB /* DJYusakuTests */ = {
			isa = PBXNativeTarget;
			buildConfigurationList = C447ACD1234882FB00D535EB /* Build configuration list for PBXNativeTarget "DJYusakuTests" */;
			buildPhases = (
				C447ACB6234882FB00D535EB /* Sources */,
				C447ACB7234882FB00D535EB /* Frameworks */,
				C447ACB8234882FB00D535EB /* Resources */,
			);
			buildRules = (
			);
			dependencies = (
				C447ACBC234882FB00D535EB /* PBXTargetDependency */,
			);
			name = DJYusakuTests;
			productName = DJYusakuTests;
			productReference = C447ACBA234882FB00D535EB /* DJYusakuTests.xctest */;
			productType = "com.apple.product-type.bundle.unit-test";
		};
		C447ACC4234882FB00D535EB /* DJYusakuUITests */ = {
			isa = PBXNativeTarget;
			buildConfigurationList = C447ACD4234882FB00D535EB /* Build configuration list for PBXNativeTarget "DJYusakuUITests" */;
			buildPhases = (
				C447ACC1234882FB00D535EB /* Sources */,
				C447ACC2234882FB00D535EB /* Frameworks */,
				C447ACC3234882FB00D535EB /* Resources */,
			);
			buildRules = (
			);
			dependencies = (
				C447ACC7234882FB00D535EB /* PBXTargetDependency */,
			);
			name = DJYusakuUITests;
			productName = DJYusakuUITests;
			productReference = C447ACC5234882FB00D535EB /* DJYusakuUITests.xctest */;
			productType = "com.apple.product-type.bundle.ui-testing";
		};
/* End PBXNativeTarget section */

/* Begin PBXProject section */
		C447AC9A234882F900D535EB /* Project object */ = {
			isa = PBXProject;
			attributes = {
				LastSwiftUpdateCheck = 1100;
				LastUpgradeCheck = 1100;
				ORGANIZATIONNAME = Yusaku;
				TargetAttributes = {
					C447ACA1234882F900D535EB = {
						CreatedOnToolsVersion = 11.0;
					};
					C447ACB9234882FB00D535EB = {
						CreatedOnToolsVersion = 11.0;
						TestTargetID = C447ACA1234882F900D535EB;
					};
					C447ACC4234882FB00D535EB = {
						CreatedOnToolsVersion = 11.0;
						TestTargetID = C447ACA1234882F900D535EB;
					};
				};
			};
			buildConfigurationList = C447AC9D234882F900D535EB /* Build configuration list for PBXProject "DJYusaku" */;
			compatibilityVersion = "Xcode 9.3";
			developmentRegion = en;
			hasScannedForEncodings = 0;
			knownRegions = (
				en,
				Base,
			);
			mainGroup = C447AC99234882F900D535EB;
			packageReferences = (
				C4A3C9582357E908005304AA /* XCRemoteSwiftPackageReference "SwiftyJSON" */,
			);
			productRefGroup = C447ACA3234882F900D535EB /* Products */;
			projectDirPath = "";
			projectRoot = "";
			targets = (
				C447ACA1234882F900D535EB /* DJYusaku */,
				C447ACB9234882FB00D535EB /* DJYusakuTests */,
				C447ACC4234882FB00D535EB /* DJYusakuUITests */,
			);
		};
/* End PBXProject section */

/* Begin PBXResourcesBuildPhase section */
		C447ACA0234882F900D535EB /* Resources */ = {
			isa = PBXResourcesBuildPhase;
			buildActionMask = 2147483647;
			files = (
				C447ACB4234882FB00D535EB /* LaunchScreen.storyboard in Resources */,
				C447ACB1234882FB00D535EB /* Assets.xcassets in Resources */,
				C447ACAF234882F900D535EB /* Main.storyboard in Resources */,
			);
			runOnlyForDeploymentPostprocessing = 0;
		};
		C447ACB8234882FB00D535EB /* Resources */ = {
			isa = PBXResourcesBuildPhase;
			buildActionMask = 2147483647;
			files = (
			);
			runOnlyForDeploymentPostprocessing = 0;
		};
		C447ACC3234882FB00D535EB /* Resources */ = {
			isa = PBXResourcesBuildPhase;
			buildActionMask = 2147483647;
			files = (
			);
			runOnlyForDeploymentPostprocessing = 0;
		};
/* End PBXResourcesBuildPhase section */

/* Begin PBXSourcesBuildPhase section */
		C447AC9E234882F900D535EB /* Sources */ = {
			isa = PBXSourcesBuildPhase;
			buildActionMask = 2147483647;
			files = (
				C46CE2082383EBC000492AC3 /* BatterySaverViewController.swift in Sources */,
				B125D88D235F426C00D383E7 /* Artwork.swift in Sources */,
				C4CF9725235163EF00C8A102 /* SearchViewController.swift in Sources */,
				106B1C2D2372BE1F008684EB /* ListenerConnectableDJsTableViewCell.swift in Sources */,
				411F288B23616EEB00BA96C1 /* PlayerQueue.swift in Sources */,
				C4FDD0CC2356EA8F007569B1 /* RequestsMusicTableViewCell.swift in Sources */,
				C436A8562350B16B009F6498 /* Song.swift in Sources */,
				C4D25958235205D10066FCE0 /* Secrets.swift in Sources */,
				106B1C2F2372C696008684EB /* ConnectionController.swift in Sources */,
				C447ACAA234882F900D535EB /* RequestsViewController.swift in Sources */,
				C447ACA6234882F900D535EB /* AppDelegate.swift in Sources */,
				106B1C2B2372BCA8008684EB /* ListenerConnectionViewController.swift in Sources */,
				C4D2595A235205EC0066FCE0 /* Secrets+Local.swift in Sources */,
				B10A9E122373F46E00209871 /* MCSession+sendRequest.swift in Sources */,
				106B1C312372C83F008684EB /* ConnectionControllerDelegate.swift in Sources */,
				C40DC880236570DD00E80AB1 /* WelcomeViewController.swift in Sources */,
				C447ACA8234882F900D535EB /* SceneDelegate.swift in Sources */,
				C436A8582350D36F009F6498 /* SearchMusicTableViewCell.swift in Sources */,
			);
			runOnlyForDeploymentPostprocessing = 0;
		};
		C447ACB6234882FB00D535EB /* Sources */ = {
			isa = PBXSourcesBuildPhase;
			buildActionMask = 2147483647;
			files = (
				C447ACBF234882FB00D535EB /* DJYusakuTests.swift in Sources */,
			);
			runOnlyForDeploymentPostprocessing = 0;
		};
		C447ACC1234882FB00D535EB /* Sources */ = {
			isa = PBXSourcesBuildPhase;
			buildActionMask = 2147483647;
			files = (
				C447ACCA234882FB00D535EB /* DJYusakuUITests.swift in Sources */,
			);
			runOnlyForDeploymentPostprocessing = 0;
		};
/* End PBXSourcesBuildPhase section */

/* Begin PBXTargetDependency section */
		C447ACBC234882FB00D535EB /* PBXTargetDependency */ = {
			isa = PBXTargetDependency;
			target = C447ACA1234882F900D535EB /* DJYusaku */;
			targetProxy = C447ACBB234882FB00D535EB /* PBXContainerItemProxy */;
		};
		C447ACC7234882FB00D535EB /* PBXTargetDependency */ = {
			isa = PBXTargetDependency;
			target = C447ACA1234882F900D535EB /* DJYusaku */;
			targetProxy = C447ACC6234882FB00D535EB /* PBXContainerItemProxy */;
		};
/* End PBXTargetDependency section */

/* Begin PBXVariantGroup section */
		C447ACAD234882F900D535EB /* Main.storyboard */ = {
			isa = PBXVariantGroup;
			children = (
				C447ACAE234882F900D535EB /* Base */,
			);
			name = Main.storyboard;
			sourceTree = "<group>";
		};
		C447ACB2234882FB00D535EB /* LaunchScreen.storyboard */ = {
			isa = PBXVariantGroup;
			children = (
				C447ACB3234882FB00D535EB /* Base */,
			);
			name = LaunchScreen.storyboard;
			sourceTree = "<group>";
		};
/* End PBXVariantGroup section */

/* Begin XCBuildConfiguration section */
		C447ACCC234882FB00D535EB /* Debug */ = {
			isa = XCBuildConfiguration;
			buildSettings = {
				ALWAYS_SEARCH_USER_PATHS = NO;
				CLANG_ANALYZER_LOCALIZABILITY_NONLOCALIZED = YES;
				CLANG_ANALYZER_NONNULL = YES;
				CLANG_ANALYZER_NUMBER_OBJECT_CONVERSION = YES_AGGRESSIVE;
				CLANG_CXX_LANGUAGE_STANDARD = "gnu++14";
				CLANG_CXX_LIBRARY = "libc++";
				CLANG_ENABLE_MODULES = YES;
				CLANG_ENABLE_OBJC_ARC = YES;
				CLANG_ENABLE_OBJC_WEAK = YES;
				CLANG_WARN_BLOCK_CAPTURE_AUTORELEASING = YES;
				CLANG_WARN_BOOL_CONVERSION = YES;
				CLANG_WARN_COMMA = YES;
				CLANG_WARN_CONSTANT_CONVERSION = YES;
				CLANG_WARN_DEPRECATED_OBJC_IMPLEMENTATIONS = YES;
				CLANG_WARN_DIRECT_OBJC_ISA_USAGE = YES_ERROR;
				CLANG_WARN_DOCUMENTATION_COMMENTS = YES;
				CLANG_WARN_EMPTY_BODY = YES;
				CLANG_WARN_ENUM_CONVERSION = YES;
				CLANG_WARN_INFINITE_RECURSION = YES;
				CLANG_WARN_INT_CONVERSION = YES;
				CLANG_WARN_NON_LITERAL_NULL_CONVERSION = YES;
				CLANG_WARN_OBJC_IMPLICIT_RETAIN_SELF = YES;
				CLANG_WARN_OBJC_LITERAL_CONVERSION = YES;
				CLANG_WARN_OBJC_ROOT_CLASS = YES_ERROR;
				CLANG_WARN_RANGE_LOOP_ANALYSIS = YES;
				CLANG_WARN_STRICT_PROTOTYPES = YES;
				CLANG_WARN_SUSPICIOUS_MOVE = YES;
				CLANG_WARN_UNGUARDED_AVAILABILITY = YES_AGGRESSIVE;
				CLANG_WARN_UNREACHABLE_CODE = YES;
				CLANG_WARN__DUPLICATE_METHOD_MATCH = YES;
				COPY_PHASE_STRIP = NO;
				DEBUG_INFORMATION_FORMAT = dwarf;
				ENABLE_STRICT_OBJC_MSGSEND = YES;
				ENABLE_TESTABILITY = YES;
				GCC_C_LANGUAGE_STANDARD = gnu11;
				GCC_DYNAMIC_NO_PIC = NO;
				GCC_NO_COMMON_BLOCKS = YES;
				GCC_OPTIMIZATION_LEVEL = 0;
				GCC_PREPROCESSOR_DEFINITIONS = (
					"DEBUG=1",
					"$(inherited)",
				);
				GCC_WARN_64_TO_32_BIT_CONVERSION = YES;
				GCC_WARN_ABOUT_RETURN_TYPE = YES_ERROR;
				GCC_WARN_UNDECLARED_SELECTOR = YES;
				GCC_WARN_UNINITIALIZED_AUTOS = YES_AGGRESSIVE;
				GCC_WARN_UNUSED_FUNCTION = YES;
				GCC_WARN_UNUSED_VARIABLE = YES;
				IPHONEOS_DEPLOYMENT_TARGET = 13.0;
				MTL_ENABLE_DEBUG_INFO = INCLUDE_SOURCE;
				MTL_FAST_MATH = YES;
				ONLY_ACTIVE_ARCH = YES;
				SDKROOT = iphoneos;
				SWIFT_ACTIVE_COMPILATION_CONDITIONS = DEBUG;
				SWIFT_OPTIMIZATION_LEVEL = "-Onone";
			};
			name = Debug;
		};
		C447ACCD234882FB00D535EB /* Release */ = {
			isa = XCBuildConfiguration;
			buildSettings = {
				ALWAYS_SEARCH_USER_PATHS = NO;
				CLANG_ANALYZER_LOCALIZABILITY_NONLOCALIZED = YES;
				CLANG_ANALYZER_NONNULL = YES;
				CLANG_ANALYZER_NUMBER_OBJECT_CONVERSION = YES_AGGRESSIVE;
				CLANG_CXX_LANGUAGE_STANDARD = "gnu++14";
				CLANG_CXX_LIBRARY = "libc++";
				CLANG_ENABLE_MODULES = YES;
				CLANG_ENABLE_OBJC_ARC = YES;
				CLANG_ENABLE_OBJC_WEAK = YES;
				CLANG_WARN_BLOCK_CAPTURE_AUTORELEASING = YES;
				CLANG_WARN_BOOL_CONVERSION = YES;
				CLANG_WARN_COMMA = YES;
				CLANG_WARN_CONSTANT_CONVERSION = YES;
				CLANG_WARN_DEPRECATED_OBJC_IMPLEMENTATIONS = YES;
				CLANG_WARN_DIRECT_OBJC_ISA_USAGE = YES_ERROR;
				CLANG_WARN_DOCUMENTATION_COMMENTS = YES;
				CLANG_WARN_EMPTY_BODY = YES;
				CLANG_WARN_ENUM_CONVERSION = YES;
				CLANG_WARN_INFINITE_RECURSION = YES;
				CLANG_WARN_INT_CONVERSION = YES;
				CLANG_WARN_NON_LITERAL_NULL_CONVERSION = YES;
				CLANG_WARN_OBJC_IMPLICIT_RETAIN_SELF = YES;
				CLANG_WARN_OBJC_LITERAL_CONVERSION = YES;
				CLANG_WARN_OBJC_ROOT_CLASS = YES_ERROR;
				CLANG_WARN_RANGE_LOOP_ANALYSIS = YES;
				CLANG_WARN_STRICT_PROTOTYPES = YES;
				CLANG_WARN_SUSPICIOUS_MOVE = YES;
				CLANG_WARN_UNGUARDED_AVAILABILITY = YES_AGGRESSIVE;
				CLANG_WARN_UNREACHABLE_CODE = YES;
				CLANG_WARN__DUPLICATE_METHOD_MATCH = YES;
				COPY_PHASE_STRIP = NO;
				DEBUG_INFORMATION_FORMAT = "dwarf-with-dsym";
				ENABLE_NS_ASSERTIONS = NO;
				ENABLE_STRICT_OBJC_MSGSEND = YES;
				GCC_C_LANGUAGE_STANDARD = gnu11;
				GCC_NO_COMMON_BLOCKS = YES;
				GCC_WARN_64_TO_32_BIT_CONVERSION = YES;
				GCC_WARN_ABOUT_RETURN_TYPE = YES_ERROR;
				GCC_WARN_UNDECLARED_SELECTOR = YES;
				GCC_WARN_UNINITIALIZED_AUTOS = YES_AGGRESSIVE;
				GCC_WARN_UNUSED_FUNCTION = YES;
				GCC_WARN_UNUSED_VARIABLE = YES;
				IPHONEOS_DEPLOYMENT_TARGET = 13.0;
				MTL_ENABLE_DEBUG_INFO = NO;
				MTL_FAST_MATH = YES;
				SDKROOT = iphoneos;
				SWIFT_COMPILATION_MODE = wholemodule;
				SWIFT_OPTIMIZATION_LEVEL = "-O";
				VALIDATE_PRODUCT = YES;
			};
			name = Release;
		};
		C447ACCF234882FB00D535EB /* Debug */ = {
			isa = XCBuildConfiguration;
			buildSettings = {
				ASSETCATALOG_COMPILER_APPICON_NAME = AppIcon;
				CODE_SIGN_STYLE = Automatic;
				DEVELOPMENT_TEAM = 29WP3DF4XR;
				INFOPLIST_FILE = DJYusaku/Info.plist;
				LD_RUNPATH_SEARCH_PATHS = (
					"$(inherited)",
					"@executable_path/Frameworks",
				);
				PRODUCT_BUNDLE_IDENTIFIER = jp.yaplus.DJYusaku;
				PRODUCT_NAME = "$(TARGET_NAME)";
				SWIFT_VERSION = 5.0;
				TARGETED_DEVICE_FAMILY = "1,2";
			};
			name = Debug;
		};
		C447ACD0234882FB00D535EB /* Release */ = {
			isa = XCBuildConfiguration;
			buildSettings = {
				ASSETCATALOG_COMPILER_APPICON_NAME = AppIcon;
				CODE_SIGN_IDENTITY = "Apple Development";
				CODE_SIGN_STYLE = Automatic;
				DEVELOPMENT_TEAM = 29WP3DF4XR;
				INFOPLIST_FILE = DJYusaku/Info.plist;
				LD_RUNPATH_SEARCH_PATHS = (
					"$(inherited)",
					"@executable_path/Frameworks",
				);
				PRODUCT_BUNDLE_IDENTIFIER = jp.yaplus.DJYusaku;
				PRODUCT_NAME = "$(TARGET_NAME)";
				PROVISIONING_PROFILE_SPECIFIER = "";
				SWIFT_VERSION = 5.0;
				TARGETED_DEVICE_FAMILY = "1,2";
			};
			name = Release;
		};
		C447ACD2234882FB00D535EB /* Debug */ = {
			isa = XCBuildConfiguration;
			buildSettings = {
				ALWAYS_EMBED_SWIFT_STANDARD_LIBRARIES = YES;
				BUNDLE_LOADER = "$(TEST_HOST)";
				CODE_SIGN_STYLE = Automatic;
				DEVELOPMENT_TEAM = 29WP3DF4XR;
				INFOPLIST_FILE = DJYusakuTests/Info.plist;
				IPHONEOS_DEPLOYMENT_TARGET = 13.0;
				LD_RUNPATH_SEARCH_PATHS = (
					"$(inherited)",
					"@executable_path/Frameworks",
					"@loader_path/Frameworks",
				);
				PRODUCT_BUNDLE_IDENTIFIER = jp.yaplus.DJYusakuTests;
				PRODUCT_NAME = "$(TARGET_NAME)";
				SWIFT_VERSION = 5.0;
				TARGETED_DEVICE_FAMILY = "1,2";
				TEST_HOST = "$(BUILT_PRODUCTS_DIR)/DJYusaku.app/DJYusaku";
			};
			name = Debug;
		};
		C447ACD3234882FB00D535EB /* Release */ = {
			isa = XCBuildConfiguration;
			buildSettings = {
				ALWAYS_EMBED_SWIFT_STANDARD_LIBRARIES = YES;
				BUNDLE_LOADER = "$(TEST_HOST)";
				CODE_SIGN_STYLE = Automatic;
				DEVELOPMENT_TEAM = 29WP3DF4XR;
				INFOPLIST_FILE = DJYusakuTests/Info.plist;
				IPHONEOS_DEPLOYMENT_TARGET = 13.0;
				LD_RUNPATH_SEARCH_PATHS = (
					"$(inherited)",
					"@executable_path/Frameworks",
					"@loader_path/Frameworks",
				);
				PRODUCT_BUNDLE_IDENTIFIER = jp.yaplus.DJYusakuTests;
				PRODUCT_NAME = "$(TARGET_NAME)";
				SWIFT_VERSION = 5.0;
				TARGETED_DEVICE_FAMILY = "1,2";
				TEST_HOST = "$(BUILT_PRODUCTS_DIR)/DJYusaku.app/DJYusaku";
			};
			name = Release;
		};
		C447ACD5234882FB00D535EB /* Debug */ = {
			isa = XCBuildConfiguration;
			buildSettings = {
				ALWAYS_EMBED_SWIFT_STANDARD_LIBRARIES = YES;
				CODE_SIGN_STYLE = Automatic;
				DEVELOPMENT_TEAM = 29WP3DF4XR;
				INFOPLIST_FILE = DJYusakuUITests/Info.plist;
				LD_RUNPATH_SEARCH_PATHS = (
					"$(inherited)",
					"@executable_path/Frameworks",
					"@loader_path/Frameworks",
				);
				PRODUCT_BUNDLE_IDENTIFIER = jp.yaplus.DJYusakuUITests;
				PRODUCT_NAME = "$(TARGET_NAME)";
				SWIFT_VERSION = 5.0;
				TARGETED_DEVICE_FAMILY = "1,2";
				TEST_TARGET_NAME = DJYusaku;
			};
			name = Debug;
		};
		C447ACD6234882FB00D535EB /* Release */ = {
			isa = XCBuildConfiguration;
			buildSettings = {
				ALWAYS_EMBED_SWIFT_STANDARD_LIBRARIES = YES;
				CODE_SIGN_STYLE = Automatic;
				DEVELOPMENT_TEAM = 29WP3DF4XR;
				INFOPLIST_FILE = DJYusakuUITests/Info.plist;
				LD_RUNPATH_SEARCH_PATHS = (
					"$(inherited)",
					"@executable_path/Frameworks",
					"@loader_path/Frameworks",
				);
				PRODUCT_BUNDLE_IDENTIFIER = jp.yaplus.DJYusakuUITests;
				PRODUCT_NAME = "$(TARGET_NAME)";
				SWIFT_VERSION = 5.0;
				TARGETED_DEVICE_FAMILY = "1,2";
				TEST_TARGET_NAME = DJYusaku;
			};
			name = Release;
		};
/* End XCBuildConfiguration section */

/* Begin XCConfigurationList section */
		C447AC9D234882F900D535EB /* Build configuration list for PBXProject "DJYusaku" */ = {
			isa = XCConfigurationList;
			buildConfigurations = (
				C447ACCC234882FB00D535EB /* Debug */,
				C447ACCD234882FB00D535EB /* Release */,
			);
			defaultConfigurationIsVisible = 0;
			defaultConfigurationName = Release;
		};
		C447ACCE234882FB00D535EB /* Build configuration list for PBXNativeTarget "DJYusaku" */ = {
			isa = XCConfigurationList;
			buildConfigurations = (
				C447ACCF234882FB00D535EB /* Debug */,
				C447ACD0234882FB00D535EB /* Release */,
			);
			defaultConfigurationIsVisible = 0;
			defaultConfigurationName = Release;
		};
		C447ACD1234882FB00D535EB /* Build configuration list for PBXNativeTarget "DJYusakuTests" */ = {
			isa = XCConfigurationList;
			buildConfigurations = (
				C447ACD2234882FB00D535EB /* Debug */,
				C447ACD3234882FB00D535EB /* Release */,
			);
			defaultConfigurationIsVisible = 0;
			defaultConfigurationName = Release;
		};
		C447ACD4234882FB00D535EB /* Build configuration list for PBXNativeTarget "DJYusakuUITests" */ = {
			isa = XCConfigurationList;
			buildConfigurations = (
				C447ACD5234882FB00D535EB /* Debug */,
				C447ACD6234882FB00D535EB /* Release */,
			);
			defaultConfigurationIsVisible = 0;
			defaultConfigurationName = Release;
		};
/* End XCConfigurationList section */

/* Begin XCRemoteSwiftPackageReference section */
		C4A3C9582357E908005304AA /* XCRemoteSwiftPackageReference "SwiftyJSON" */ = {
			isa = XCRemoteSwiftPackageReference;
			repositoryURL = "https://github.com/SwiftyJSON/SwiftyJSON.git";
			requirement = {
				kind = upToNextMajorVersion;
				minimumVersion = 5.0.0;
			};
		};
/* End XCRemoteSwiftPackageReference section */

/* Begin XCSwiftPackageProductDependency section */
		C4A3C9592357E908005304AA /* SwiftyJSON */ = {
			isa = XCSwiftPackageProductDependency;
			package = C4A3C9582357E908005304AA /* XCRemoteSwiftPackageReference "SwiftyJSON" */;
			productName = SwiftyJSON;
		};
/* End XCSwiftPackageProductDependency section */
	};
	rootObject = C447AC9A234882F900D535EB /* Project object */;
}
